// !$*UTF8*$!
{
	archiveVersion = 1;
	classes = {
	};
	objectVersion = 56;
	objects = {

/* Begin PBXBuildFile section */
		7C75086529478E140047893E /* GoogleService-Info.plist in Resources */ = {isa = PBXBuildFile; fileRef = 7C75086429478E140047893E /* GoogleService-Info.plist */; };
		7C916A1A295B391100D09DD0 /* ViewController1.swift in Sources */ = {isa = PBXBuildFile; fileRef = 7C916A19295B391100D09DD0 /* ViewController1.swift */; };
		7CA0961E292BD794006D91CC /* ViewController2.swift in Sources */ = {isa = PBXBuildFile; fileRef = 7CA0961D292BD794006D91CC /* ViewController2.swift */; };
		7CD903BB2927DE2800C1CAF5 /* AppDelegate.swift in Sources */ = {isa = PBXBuildFile; fileRef = 7CD903BA2927DE2800C1CAF5 /* AppDelegate.swift */; };
		7CD903BD2927DE2800C1CAF5 /* SceneDelegate.swift in Sources */ = {isa = PBXBuildFile; fileRef = 7CD903BC2927DE2800C1CAF5 /* SceneDelegate.swift */; };
		7CD903BF2927DE2800C1CAF5 /* ViewController.swift in Sources */ = {isa = PBXBuildFile; fileRef = 7CD903BE2927DE2800C1CAF5 /* ViewController.swift */; };
		7CD903C22927DE2800C1CAF5 /* Main.storyboard in Resources */ = {isa = PBXBuildFile; fileRef = 7CD903C02927DE2800C1CAF5 /* Main.storyboard */; };
		7CD903C42927DE2800C1CAF5 /* Assets.xcassets in Resources */ = {isa = PBXBuildFile; fileRef = 7CD903C32927DE2800C1CAF5 /* Assets.xcassets */; };
		7CD903D329290AD800C1CAF5 /* LaunchScreen.storyboard in Resources */ = {isa = PBXBuildFile; fileRef = 7CD903D229290AD800C1CAF5 /* LaunchScreen.storyboard */; };
		961228416D62F35FE58B21F3 /* Pods_TicTacToe.framework in Frameworks */ = {isa = PBXBuildFile; fileRef = 81237834D5BA87EDD0F1003B /* Pods_TicTacToe.framework */; };
/* End PBXBuildFile section */

/* Begin PBXFileReference section */
		7C75086429478E140047893E /* GoogleService-Info.plist */ = {isa = PBXFileReference; fileEncoding = 4; lastKnownFileType = text.plist.xml; path = "GoogleService-Info.plist"; sourceTree = "<group>"; };
		7C916A19295B391100D09DD0 /* ViewController1.swift */ = {isa = PBXFileReference; lastKnownFileType = sourcecode.swift; path = ViewController1.swift; sourceTree = "<group>"; };
		7CA0961D292BD794006D91CC /* ViewController2.swift */ = {isa = PBXFileReference; lastKnownFileType = sourcecode.swift; path = ViewController2.swift; sourceTree = "<group>"; };
		7CD903B72927DE2800C1CAF5 /* TicTacToe.app */ = {isa = PBXFileReference; explicitFileType = wrapper.application; includeInIndex = 0; path = TicTacToe.app; sourceTree = BUILT_PRODUCTS_DIR; };
		7CD903BA2927DE2800C1CAF5 /* AppDelegate.swift */ = {isa = PBXFileReference; lastKnownFileType = sourcecode.swift; path = AppDelegate.swift; sourceTree = "<group>"; };
		7CD903BC2927DE2800C1CAF5 /* SceneDelegate.swift */ = {isa = PBXFileReference; lastKnownFileType = sourcecode.swift; path = SceneDelegate.swift; sourceTree = "<group>"; };
		7CD903BE2927DE2800C1CAF5 /* ViewController.swift */ = {isa = PBXFileReference; lastKnownFileType = sourcecode.swift; path = ViewController.swift; sourceTree = "<group>"; };
		7CD903C12927DE2800C1CAF5 /* Base */ = {isa = PBXFileReference; lastKnownFileType = file.storyboard; name = Base; path = Base.lproj/Main.storyboard; sourceTree = "<group>"; };
		7CD903C32927DE2800C1CAF5 /* Assets.xcassets */ = {isa = PBXFileReference; lastKnownFileType = folder.assetcatalog; path = Assets.xcassets; sourceTree = "<group>"; };
		7CD903C82927DE2800C1CAF5 /* Info.plist */ = {isa = PBXFileReference; lastKnownFileType = text.plist.xml; path = Info.plist; sourceTree = "<group>"; };
		7CD903D229290AD800C1CAF5 /* LaunchScreen.storyboard */ = {isa = PBXFileReference; lastKnownFileType = file.storyboard; path = LaunchScreen.storyboard; sourceTree = "<group>"; };
		81237834D5BA87EDD0F1003B /* Pods_TicTacToe.framework */ = {isa = PBXFileReference; explicitFileType = wrapper.framework; includeInIndex = 0; path = Pods_TicTacToe.framework; sourceTree = BUILT_PRODUCTS_DIR; };
		D187D915B45F43EEDFBA8E88 /* Pods-TicTacToe.release.xcconfig */ = {isa = PBXFileReference; includeInIndex = 1; lastKnownFileType = text.xcconfig; name = "Pods-TicTacToe.release.xcconfig"; path = "Target Support Files/Pods-TicTacToe/Pods-TicTacToe.release.xcconfig"; sourceTree = "<group>"; };
		E53EF6B255A4CD1492139A4D /* Pods-TicTacToe.debug.xcconfig */ = {isa = PBXFileReference; includeInIndex = 1; lastKnownFileType = text.xcconfig; name = "Pods-TicTacToe.debug.xcconfig"; path = "Target Support Files/Pods-TicTacToe/Pods-TicTacToe.debug.xcconfig"; sourceTree = "<group>"; };
/* End PBXFileReference section */

/* Begin PBXFrameworksBuildPhase section */
		7CD903B42927DE2800C1CAF5 /* Frameworks */ = {
			isa = PBXFrameworksBuildPhase;
			buildActionMask = 2147483647;
			files = (
				961228416D62F35FE58B21F3 /* Pods_TicTacToe.framework in Frameworks */,
			);
			runOnlyForDeploymentPostprocessing = 0;
		};
/* End PBXFrameworksBuildPhase section */

/* Begin PBXGroup section */
		7CD903AE2927DE2700C1CAF5 = {
			isa = PBXGroup;
			children = (
				7CD903B92927DE2800C1CAF5 /* TicTacToe */,
				7CD903B82927DE2800C1CAF5 /* Products */,
				FBB07817142CB33ABFED6554 /* Pods */,
				F7AE9783401545BF1F7C6C9C /* Frameworks */,
			);
			sourceTree = "<group>";
		};
		7CD903B82927DE2800C1CAF5 /* Products */ = {
			isa = PBXGroup;
			children = (
				7CD903B72927DE2800C1CAF5 /* TicTacToe.app */,
			);
			name = Products;
			sourceTree = "<group>";
		};
		7CD903B92927DE2800C1CAF5 /* TicTacToe */ = {
			isa = PBXGroup;
			children = (
				7CD903BA2927DE2800C1CAF5 /* AppDelegate.swift */,
				7CD903BC2927DE2800C1CAF5 /* SceneDelegate.swift */,
				7CD903BE2927DE2800C1CAF5 /* ViewController.swift */,
				7C916A19295B391100D09DD0 /* ViewController1.swift */,
				7CA0961D292BD794006D91CC /* ViewController2.swift */,
				7CD903C02927DE2800C1CAF5 /* Main.storyboard */,
				7CD903D229290AD800C1CAF5 /* LaunchScreen.storyboard */,
				7CD903C32927DE2800C1CAF5 /* Assets.xcassets */,
				7CD903C82927DE2800C1CAF5 /* Info.plist */,
				7C75086429478E140047893E /* GoogleService-Info.plist */,
			);
			path = TicTacToe;
			sourceTree = "<group>";
		};
		F7AE9783401545BF1F7C6C9C /* Frameworks */ = {
			isa = PBXGroup;
			children = (
				81237834D5BA87EDD0F1003B /* Pods_TicTacToe.framework */,
			);
			name = Frameworks;
			sourceTree = "<group>";
		};
		FBB07817142CB33ABFED6554 /* Pods */ = {
			isa = PBXGroup;
			children = (
				E53EF6B255A4CD1492139A4D /* Pods-TicTacToe.debug.xcconfig */,
				D187D915B45F43EEDFBA8E88 /* Pods-TicTacToe.release.xcconfig */,
			);
			path = Pods;
			sourceTree = "<group>";
		};
/* End PBXGroup section */

/* Begin PBXNativeTarget section */
		7CD903B62927DE2800C1CAF5 /* TicTacToe */ = {
			isa = PBXNativeTarget;
			buildConfigurationList = 7CD903CB2927DE2800C1CAF5 /* Build configuration list for PBXNativeTarget "TicTacToe" */;
			buildPhases = (
				CC73AFF1EAFFE8CEFF8BD2E2 /* [CP] Check Pods Manifest.lock */,
				7CD903B32927DE2800C1CAF5 /* Sources */,
				7CD903B42927DE2800C1CAF5 /* Frameworks */,
				7CD903B52927DE2800C1CAF5 /* Resources */,
				798FAB607379C19A834B1485 /* [CP] Embed Pods Frameworks */,
			);
			buildRules = (
			);
			dependencies = (
			);
			name = TicTacToe;
			productName = TicTacToe;
			productReference = 7CD903B72927DE2800C1CAF5 /* TicTacToe.app */;
			productType = "com.apple.product-type.application";
		};
/* End PBXNativeTarget section */

/* Begin PBXProject section */
		7CD903AF2927DE2800C1CAF5 /* Project object */ = {
			isa = PBXProject;
			attributes = {
				BuildIndependentTargetsInParallel = 1;
				LastSwiftUpdateCheck = 1410;
				LastUpgradeCheck = 1410;
				TargetAttributes = {
					7CD903B62927DE2800C1CAF5 = {
						CreatedOnToolsVersion = 14.1;
					};
				};
			};
			buildConfigurationList = 7CD903B22927DE2800C1CAF5 /* Build configuration list for PBXProject "TicTacToe" */;
			compatibilityVersion = "Xcode 14.0";
			developmentRegion = en;
			hasScannedForEncodings = 0;
			knownRegions = (
				en,
				Base,
			);
			mainGroup = 7CD903AE2927DE2700C1CAF5;
			productRefGroup = 7CD903B82927DE2800C1CAF5 /* Products */;
			projectDirPath = "";
			projectRoot = "";
			targets = (
				7CD903B62927DE2800C1CAF5 /* TicTacToe */,
			);
		};
/* End PBXProject section */

/* Begin PBXResourcesBuildPhase section */
		7CD903B52927DE2800C1CAF5 /* Resources */ = {
			isa = PBXResourcesBuildPhase;
			buildActionMask = 2147483647;
			files = (
				7CD903D329290AD800C1CAF5 /* LaunchScreen.storyboard in Resources */,
				7CD903C42927DE2800C1CAF5 /* Assets.xcassets in Resources */,
				7CD903C22927DE2800C1CAF5 /* Main.storyboard in Resources */,
				7C75086529478E140047893E /* GoogleService-Info.plist in Resources */,
			);
			runOnlyForDeploymentPostprocessing = 0;
		};
/* End PBXResourcesBuildPhase section */

/* Begin PBXShellScriptBuildPhase section */
		798FAB607379C19A834B1485 /* [CP] Embed Pods Frameworks */ = {
			isa = PBXShellScriptBuildPhase;
			buildActionMask = 2147483647;
			files = (
			);
			inputFileListPaths = (
				"${PODS_ROOT}/Target Support Files/Pods-TicTacToe/Pods-TicTacToe-frameworks-${CONFIGURATION}-input-files.xcfilelist",
			);
			name = "[CP] Embed Pods Frameworks";
			outputFileListPaths = (
				"${PODS_ROOT}/Target Support Files/Pods-TicTacToe/Pods-TicTacToe-frameworks-${CONFIGURATION}-output-files.xcfilelist",
			);
			runOnlyForDeploymentPostprocessing = 0;
			shellPath = /bin/sh;
			shellScript = "\"${PODS_ROOT}/Target Support Files/Pods-TicTacToe/Pods-TicTacToe-frameworks.sh\"\n";
			showEnvVarsInLog = 0;
		};
		CC73AFF1EAFFE8CEFF8BD2E2 /* [CP] Check Pods Manifest.lock */ = {
			isa = PBXShellScriptBuildPhase;
			buildActionMask = 2147483647;
			files = (
			);
			inputFileListPaths = (
			);
			inputPaths = (
				"${PODS_PODFILE_DIR_PATH}/Podfile.lock",
				"${PODS_ROOT}/Manifest.lock",
			);
			name = "[CP] Check Pods Manifest.lock";
			outputFileListPaths = (
			);
			outputPaths = (
				"$(DERIVED_FILE_DIR)/Pods-TicTacToe-checkManifestLockResult.txt",
			);
			runOnlyForDeploymentPostprocessing = 0;
			shellPath = /bin/sh;
			shellScript = "diff \"${PODS_PODFILE_DIR_PATH}/Podfile.lock\" \"${PODS_ROOT}/Manifest.lock\" > /dev/null\nif [ $? != 0 ] ; then\n    # print error to STDERR\n    echo \"error: The sandbox is not in sync with the Podfile.lock. Run 'pod install' or update your CocoaPods installation.\" >&2\n    exit 1\nfi\n# This output is used by Xcode 'outputs' to avoid re-running this script phase.\necho \"SUCCESS\" > \"${SCRIPT_OUTPUT_FILE_0}\"\n";
			showEnvVarsInLog = 0;
		};
/* End PBXShellScriptBuildPhase section */

/* Begin PBXSourcesBuildPhase section */
		7CD903B32927DE2800C1CAF5 /* Sources */ = {
			isa = PBXSourcesBuildPhase;
			buildActionMask = 2147483647;
			files = (
				7CA0961E292BD794006D91CC /* ViewController2.swift in Sources */,
				7C916A1A295B391100D09DD0 /* ViewController1.swift in Sources */,
				7CD903BF2927DE2800C1CAF5 /* ViewController.swift in Sources */,
				7CD903BB2927DE2800C1CAF5 /* AppDelegate.swift in Sources */,
				7CD903BD2927DE2800C1CAF5 /* SceneDelegate.swift in Sources */,
			);
			runOnlyForDeploymentPostprocessing = 0;
		};
/* End PBXSourcesBuildPhase section */

/* Begin PBXVariantGroup section */
		7CD903C02927DE2800C1CAF5 /* Main.storyboard */ = {
			isa = PBXVariantGroup;
			children = (
				7CD903C12927DE2800C1CAF5 /* Base */,
			);
			name = Main.storyboard;
			sourceTree = "<group>";
		};
/* End PBXVariantGroup section */

/* Begin XCBuildConfiguration section */
		7CD903C92927DE2800C1CAF5 /* Debug */ = {
			isa = XCBuildConfiguration;
			buildSettings = {
				ALWAYS_SEARCH_USER_PATHS = NO;
				CLANG_ANALYZER_NONNULL = YES;
				CLANG_ANALYZER_NUMBER_OBJECT_CONVERSION = YES_AGGRESSIVE;
				CLANG_CXX_LANGUAGE_STANDARD = "gnu++20";
				CLANG_ENABLE_MODULES = YES;
				CLANG_ENABLE_OBJC_ARC = YES;
				CLANG_ENABLE_OBJC_WEAK = YES;
				CLANG_WARN_BLOCK_CAPTURE_AUTORELEASING = YES;
				CLANG_WARN_BOOL_CONVERSION = YES;
				CLANG_WARN_COMMA = YES;
				CLANG_WARN_CONSTANT_CONVERSION = YES;
				CLANG_WARN_DEPRECATED_OBJC_IMPLEMENTATIONS = YES;
				CLANG_WARN_DIRECT_OBJC_ISA_USAGE = YES_ERROR;
				CLANG_WARN_DOCUMENTATION_COMMENTS = YES;
				CLANG_WARN_EMPTY_BODY = YES;
				CLANG_WARN_ENUM_CONVERSION = YES;
				CLANG_WARN_INFINITE_RECURSION = YES;
				CLANG_WARN_INT_CONVERSION = YES;
				CLANG_WARN_NON_LITERAL_NULL_CONVERSION = YES;
				CLANG_WARN_OBJC_IMPLICIT_RETAIN_SELF = YES;
				CLANG_WARN_OBJC_LITERAL_CONVERSION = YES;
				CLANG_WARN_OBJC_ROOT_CLASS = YES_ERROR;
				CLANG_WARN_QUOTED_INCLUDE_IN_FRAMEWORK_HEADER = YES;
				CLANG_WARN_RANGE_LOOP_ANALYSIS = YES;
				CLANG_WARN_STRICT_PROTOTYPES = YES;
				CLANG_WARN_SUSPICIOUS_MOVE = YES;
				CLANG_WARN_UNGUARDED_AVAILABILITY = YES_AGGRESSIVE;
				CLANG_WARN_UNREACHABLE_CODE = YES;
				CLANG_WARN__DUPLICATE_METHOD_MATCH = YES;
				COPY_PHASE_STRIP = NO;
				DEBUG_INFORMATION_FORMAT = dwarf;
				ENABLE_STRICT_OBJC_MSGSEND = YES;
				ENABLE_TESTABILITY = YES;
				GCC_C_LANGUAGE_STANDARD = gnu11;
				GCC_DYNAMIC_NO_PIC = NO;
				GCC_NO_COMMON_BLOCKS = YES;
				GCC_OPTIMIZATION_LEVEL = 0;
				GCC_PREPROCESSOR_DEFINITIONS = (
					"DEBUG=1",
					"$(inherited)",
				);
				GCC_WARN_64_TO_32_BIT_CONVERSION = YES;
				GCC_WARN_ABOUT_RETURN_TYPE = YES_ERROR;
				GCC_WARN_UNDECLARED_SELECTOR = YES;
				GCC_WARN_UNINITIALIZED_AUTOS = YES_AGGRESSIVE;
				GCC_WARN_UNUSED_FUNCTION = YES;
				GCC_WARN_UNUSED_VARIABLE = YES;
				IPHONEOS_DEPLOYMENT_TARGET = 16.1;
				MTL_ENABLE_DEBUG_INFO = INCLUDE_SOURCE;
				MTL_FAST_MATH = YES;
				ONLY_ACTIVE_ARCH = YES;
				SDKROOT = iphoneos;
				SWIFT_ACTIVE_COMPILATION_CONDITIONS = DEBUG;
				SWIFT_OPTIMIZATION_LEVEL = "-Onone";
			};
			name = Debug;
		};
		7CD903CA2927DE2800C1CAF5 /* Release */ = {
			isa = XCBuildConfiguration;
			buildSettings = {
				ALWAYS_SEARCH_USER_PATHS = NO;
				CLANG_ANALYZER_NONNULL = YES;
				CLANG_ANALYZER_NUMBER_OBJECT_CONVERSION = YES_AGGRESSIVE;
				CLANG_CXX_LANGUAGE_STANDARD = "gnu++20";
				CLANG_ENABLE_MODULES = YES;
				CLANG_ENABLE_OBJC_ARC = YES;
				CLANG_ENABLE_OBJC_WEAK = YES;
				CLANG_WARN_BLOCK_CAPTURE_AUTORELEASING = YES;
				CLANG_WARN_BOOL_CONVERSION = YES;
				CLANG_WARN_COMMA = YES;
				CLANG_WARN_CONSTANT_CONVERSION = YES;
				CLANG_WARN_DEPRECATED_OBJC_IMPLEMENTATIONS = YES;
				CLANG_WARN_DIRECT_OBJC_ISA_USAGE = YES_ERROR;
				CLANG_WARN_DOCUMENTATION_COMMENTS = YES;
				CLANG_WARN_EMPTY_BODY = YES;
				CLANG_WARN_ENUM_CONVERSION = YES;
				CLANG_WARN_INFINITE_RECURSION = YES;
				CLANG_WARN_INT_CONVERSION = YES;
				CLANG_WARN_NON_LITERAL_NULL_CONVERSION = YES;
				CLANG_WARN_OBJC_IMPLICIT_RETAIN_SELF = YES;
				CLANG_WARN_OBJC_LITERAL_CONVERSION = YES;
				CLANG_WARN_OBJC_ROOT_CLASS = YES_ERROR;
				CLANG_WARN_QUOTED_INCLUDE_IN_FRAMEWORK_HEADER = YES;
				CLANG_WARN_RANGE_LOOP_ANALYSIS = YES;
				CLANG_WARN_STRICT_PROTOTYPES = YES;
				CLANG_WARN_SUSPICIOUS_MOVE = YES;
				CLANG_WARN_UNGUARDED_AVAILABILITY = YES_AGGRESSIVE;
				CLANG_WARN_UNREACHABLE_CODE = YES;
				CLANG_WARN__DUPLICATE_METHOD_MATCH = YES;
				COPY_PHASE_STRIP = NO;
				DEBUG_INFORMATION_FORMAT = "dwarf-with-dsym";
				ENABLE_NS_ASSERTIONS = NO;
				ENABLE_STRICT_OBJC_MSGSEND = YES;
				GCC_C_LANGUAGE_STANDARD = gnu11;
				GCC_NO_COMMON_BLOCKS = YES;
				GCC_WARN_64_TO_32_BIT_CONVERSION = YES;
				GCC_WARN_ABOUT_RETURN_TYPE = YES_ERROR;
				GCC_WARN_UNDECLARED_SELECTOR = YES;
				GCC_WARN_UNINITIALIZED_AUTOS = YES_AGGRESSIVE;
				GCC_WARN_UNUSED_FUNCTION = YES;
				GCC_WARN_UNUSED_VARIABLE = YES;
				IPHONEOS_DEPLOYMENT_TARGET = 16.1;
				MTL_ENABLE_DEBUG_INFO = NO;
				MTL_FAST_MATH = YES;
				SDKROOT = iphoneos;
				SWIFT_COMPILATION_MODE = wholemodule;
				SWIFT_OPTIMIZATION_LEVEL = "-O";
				VALIDATE_PRODUCT = YES;
			};
			name = Release;
		};
		7CD903CC2927DE2800C1CAF5 /* Debug */ = {
			isa = XCBuildConfiguration;
			baseConfigurationReference = E53EF6B255A4CD1492139A4D /* Pods-TicTacToe.debug.xcconfig */;
			buildSettings = {
				ASSETCATALOG_COMPILER_APPICON_NAME = AppIcon;
				ASSETCATALOG_COMPILER_GLOBAL_ACCENT_COLOR_NAME = AccentColor;
				CODE_SIGN_STYLE = Automatic;
				CURRENT_PROJECT_VERSION = 1;
				DEVELOPMENT_TEAM = WC3A7F459D;
				FRAMEWORK_SEARCH_PATHS = (
					"$(inherited)",
					"\"${PODS_CONFIGURATION_BUILD_DIR}/FirebaseCore\"",
					"\"${PODS_CONFIGURATION_BUILD_DIR}/FirebaseCoreInternal\"",
					"\"${PODS_XCFRAMEWORKS_BUILD_DIR}/FirebaseAnalytics/AdIdSupport\"",
					"\"${PODS_CONFIGURATION_BUILD_DIR}/FirebaseInstallations\"",
					"\"${PODS_CONFIGURATION_BUILD_DIR}/GoogleUtilities\"",
					"\"${PODS_CONFIGURATION_BUILD_DIR}/PromisesObjC\"",
					"\"${PODS_CONFIGURATION_BUILD_DIR}/nanopb\"",
					"\"${PODS_ROOT}/FirebaseAnalytics/Frameworks\"",
					"\"${PODS_ROOT}/GoogleAppMeasurement/Frameworks\"",
					"\"${PODS_XCFRAMEWORKS_BUILD_DIR}/GoogleAppMeasurement/AdIdSupport\"",
					"\"${PODS_XCFRAMEWORKS_BUILD_DIR}/GoogleAppMeasurement/WithoutAdIdSupport\"",
				);
				GENERATE_INFOPLIST_FILE = YES;
				HEADER_SEARCH_PATHS = (
					"$(inherited)",
					"\"${PODS_CONFIGURATION_BUILD_DIR}/FirebaseCore/FirebaseCore.framework/Headers\"",
					"\"${PODS_CONFIGURATION_BUILD_DIR}/FirebaseCoreInternal/FirebaseCoreInternal.framework/Headers\"",
					"\"${PODS_CONFIGURATION_BUILD_DIR}/GoogleUtilities/GoogleUtilities.framework/Headers\"",
					"\"${PODS_CONFIGURATION_BUILD_DIR}/FirebaseInstallations/FirebaseInstallations.framework/Headers\"",
					"\"${PODS_CONFIGURATION_BUILD_DIR}/PromisesObjC/FBLPromises.framework/Headers\"",
					"\"${PODS_CONFIGURATION_BUILD_DIR}/nanopb/nanopb.framework/Headers\"",
					"\"${PODS_ROOT}/Headers/Public\"",
					"\"${PODS_ROOT}/Headers/Public/Firebase\"",
					"$(inherited)",
					"${PODS_ROOT}/Firebase/CoreOnly/Sources",
				);
				INFOPLIST_FILE = TicTacToe/Info.plist;
				INFOPLIST_KEY_UIApplicationSupportsIndirectInputEvents = YES;
				INFOPLIST_KEY_UILaunchStoryboardName = LaunchScreen.storyboard;
				INFOPLIST_KEY_UIMainStoryboardFile = Main;
				INFOPLIST_KEY_UISupportedInterfaceOrientations_iPad = "UIInterfaceOrientationPortrait UIInterfaceOrientationPortraitUpsideDown UIInterfaceOrientationLandscapeLeft UIInterfaceOrientationLandscapeRight";
				INFOPLIST_KEY_UISupportedInterfaceOrientations_iPhone = "UIInterfaceOrientationPortrait UIInterfaceOrientationLandscapeLeft UIInterfaceOrientationLandscapeRight";
				IPHONEOS_DEPLOYMENT_TARGET = 15.0;
				LD_RUNPATH_SEARCH_PATHS = (
					"$(inherited)",
					"@executable_path/Frameworks",
				);
				MARKETING_VERSION = 1.0;
				PRODUCT_BUNDLE_IDENTIFIER = Oleg.TicTacToe;
				PRODUCT_NAME = "$(TARGET_NAME)";
				SWIFT_EMIT_LOC_STRINGS = YES;
				SWIFT_VERSION = 5.0;
				TARGETED_DEVICE_FAMILY = "1,2";
			};
			name = Debug;
		};
		7CD903CD2927DE2800C1CAF5 /* Release */ = {
			isa = XCBuildConfiguration;
			baseConfigurationReference = D187D915B45F43EEDFBA8E88 /* Pods-TicTacToe.release.xcconfig */;
			buildSettings = {
				ASSETCATALOG_COMPILER_APPICON_NAME = AppIcon;
				ASSETCATALOG_COMPILER_GLOBAL_ACCENT_COLOR_NAME = AccentColor;
				CODE_SIGN_STYLE = Automatic;
				CURRENT_PROJECT_VERSION = 1;
				DEVELOPMENT_TEAM = WC3A7F459D;
				FRAMEWORK_SEARCH_PATHS = (
					"$(inherited)",
					"\"${PODS_CONFIGURATION_BUILD_DIR}/FirebaseCore\"",
					"\"${PODS_CONFIGURATION_BUILD_DIR}/FirebaseCoreInternal\"",
					"\"${PODS_XCFRAMEWORKS_BUILD_DIR}/FirebaseAnalytics/AdIdSupport\"",
					"\"${PODS_CONFIGURATION_BUILD_DIR}/FirebaseInstallations\"",
					"\"${PODS_CONFIGURATION_BUILD_DIR}/GoogleUtilities\"",
					"\"${PODS_CONFIGURATION_BUILD_DIR}/PromisesObjC\"",
					"\"${PODS_CONFIGURATION_BUILD_DIR}/nanopb\"",
					"\"${PODS_ROOT}/FirebaseAnalytics/Frameworks\"",
					"\"${PODS_ROOT}/GoogleAppMeasurement/Frameworks\"",
					"\"${PODS_XCFRAMEWORKS_BUILD_DIR}/GoogleAppMeasurement/AdIdSupport\"",
					"\"${PODS_XCFRAMEWORKS_BUILD_DIR}/GoogleAppMeasurement/WithoutAdIdSupport\"",
				);
				GENERATE_INFOPLIST_FILE = YES;
				HEADER_SEARCH_PATHS = (
					"$(inherited)",
					"\"${PODS_CONFIGURATION_BUILD_DIR}/FirebaseCore/FirebaseCore.framework/Headers\"",
					"\"${PODS_CONFIGURATION_BUILD_DIR}/FirebaseCoreInternal/FirebaseCoreInternal.framework/Headers\"",
					"\"${PODS_CONFIGURATION_BUILD_DIR}/GoogleUtilities/GoogleUtilities.framework/Headers\"",
					"\"${PODS_CONFIGURATION_BUILD_DIR}/FirebaseInstallations/FirebaseInstallations.framework/Headers\"",
					"\"${PODS_CONFIGURATION_BUILD_DIR}/PromisesObjC/FBLPromises.framework/Headers\"",
					"\"${PODS_CONFIGURATION_BUILD_DIR}/nanopb/nanopb.framework/Headers\"",
					"\"${PODS_ROOT}/Headers/Public\"",
					"\"${PODS_ROOT}/Headers/Public/Firebase\"",
					"$(inherited)",
					"${PODS_ROOT}/Firebase/CoreOnly/Sources",
				);
				INFOPLIST_FILE = TicTacToe/Info.plist;
				INFOPLIST_KEY_UIApplicationSupportsIndirectInputEvents = YES;
				INFOPLIST_KEY_UILaunchStoryboardName = LaunchScreen.storyboard;
				INFOPLIST_KEY_UIMainStoryboardFile = Main;
				INFOPLIST_KEY_UISupportedInterfaceOrientations_iPad = "UIInterfaceOrientationPortrait UIInterfaceOrientationPortraitUpsideDown UIInterfaceOrientationLandscapeLeft UIInterfaceOrientationLandscapeRight";
				INFOPLIST_KEY_UISupportedInterfaceOrientations_iPhone = "UIInterfaceOrientationPortrait UIInterfaceOrientationLandscapeLeft UIInterfaceOrientationLandscapeRight";
				IPHONEOS_DEPLOYMENT_TARGET = 15.0;
				LD_RUNPATH_SEARCH_PATHS = (
					"$(inherited)",
					"@executable_path/Frameworks",
				);
				MARKETING_VERSION = 1.0;
				PRODUCT_BUNDLE_IDENTIFIER = Oleg.TicTacToe;
				PRODUCT_NAME = "$(TARGET_NAME)";
				SWIFT_EMIT_LOC_STRINGS = YES;
				SWIFT_VERSION = 5.0;
				TARGETED_DEVICE_FAMILY = "1,2";
			};
			name = Release;
		};
/* End XCBuildConfiguration section */

/* Begin XCConfigurationList section */
		7CD903B22927DE2800C1CAF5 /* Build configuration list for PBXProject "TicTacToe" */ = {
			isa = XCConfigurationList;
			buildConfigurations = (
				7CD903C92927DE2800C1CAF5 /* Debug */,
				7CD903CA2927DE2800C1CAF5 /* Release */,
			);
			defaultConfigurationIsVisible = 0;
			defaultConfigurationName = Release;
		};
		7CD903CB2927DE2800C1CAF5 /* Build configuration list for PBXNativeTarget "TicTacToe" */ = {
			isa = XCConfigurationList;
			buildConfigurations = (
				7CD903CC2927DE2800C1CAF5 /* Debug */,
				7CD903CD2927DE2800C1CAF5 /* Release */,
			);
			defaultConfigurationIsVisible = 0;
			defaultConfigurationName = Release;
		};
/* End XCConfigurationList section */
	};
	rootObject = 7CD903AF2927DE2800C1CAF5 /* Project object */;
}
